<?xml version="1.0" encoding="utf-8"?>
<Project ToolsVersion="4.0" xmlns="http://schemas.microsoft.com/developer/msbuild/2003">
  <ItemGroup>
    <Filter Include="Source Files">
      <UniqueIdentifier>{4FC737F1-C7A5-4376-A066-2A32D752A2FF}</UniqueIdentifier>
      <Extensions>cpp;c;cc;cxx;c++;cppm;ixx;def;odl;idl;hpj;bat;asm;asmx</Extensions>
    </Filter>
    <Filter Include="Header Files">
      <UniqueIdentifier>{93995380-89BD-4b04-88EB-625FBE52EBFB}</UniqueIdentifier>
      <Extensions>h;hh;hpp;hxx;h++;hm;inl;inc;ipp;xsd</Extensions>
    </Filter>
    <Filter Include="Resource Files">
      <UniqueIdentifier>{67DA6AB6-F800-4c08-8B7A-83BB121AAD01}</UniqueIdentifier>
      <Extensions>rc;ico;cur;bmp;dlg;rc2;rct;bin;rgs;gif;jpg;jpeg;jpe;resx;tiff;tif;png;wav;mfcribbon-ms</Extensions>
    </Filter>
  </ItemGroup>
  <ItemGroup>
    <ClCompile Include="src\MyLittleWorkshopEmpire.cpp">
      <Filter>Source Files</Filter>
    </ClCompile>
    <ClCompile Include="src\models\Player.cpp">
      <Filter>Source Files</Filter>
    </ClCompile>
    <ClCompile Include="src\models\Tool.cpp">
      <Filter>Source Files</Filter>
    </ClCompile>
    <ClCompile Include="src\models\Vehicle.cpp">
      <Filter>Source Files</Filter>
    </ClCompile>
    <ClCompile Include="src\models\ToolManager.cpp">
      <Filter>Source Files</Filter>
    </ClCompile>
    <ClCompile Include="src\models\Malfunction.cpp">
      <Filter>Source Files</Filter>
    </ClCompile>
    <ClCompile Include="src\views\cmd\CommandManager.cpp">
      <Filter>Source Files</Filter>
    </ClCompile>
    <ClCompile Include="src\views\cmd\HelpCommand.cpp">
      <Filter>Source Files</Filter>
    </ClCompile>
    <ClCompile Include="src\views\cmd\InventoryCommand.cpp">
      <Filter>Source Files</Filter>
    </ClCompile>
    <ClCompile Include="src\views\cmd\ShopCommand.cpp">
      <Filter>Source Files</Filter>
    </ClCompile>
    <ClCompile Include="src\views\cmd\BuyToolCommand.cpp">
      <Filter>Source Files</Filter>
    </ClCompile>
    <ClCompile Include="src\views\ConsoleView.cpp">
      <Filter>Source Files</Filter>
    </ClCompile>
    <ClCompile Include="src\viewmodels\HelpViewModel.cpp">
      <Filter>Source Files</Filter>
    </ClCompile>
    <ClCompile Include="src\models\HelpModel.cpp">
      <Filter>Source Files</Filter>
    </ClCompile>
    <ClCompile Include="src\Storage.cpp">
      <Filter>Source Files</Filter>
    </ClCompile>
    <ClCompile Include="src\viewmodels\PlayerViewModel.cpp">
      <Filter>Source Files</Filter>
    </ClCompile>
    <ClCompile Include="src\viewmodels\ShopViewModel.cpp">
      <Filter>Source Files</Filter>
    </ClCompile>
    <ClCompile Include="src\views\cmd\DisplayJobsCommand.cpp">
      <Filter>Source Files</Filter>
    </ClCompile>
    <ClCompile Include="src\viewmodels\DisplayJobsViewModel.cpp">
      <Filter>Source Files</Filter>
    </ClCompile>
    <ClCompile Include="src\models\JobManager.cpp">
      <Filter>Source Files</Filter>
    </ClCompile>
    <ClCompile Include="src\models\Job.cpp">
      <Filter>Source Files</Filter>
    </ClCompile>
    <ClCompile Include="src\views\cmd\AcceptJobCommand.cpp">
      <Filter>Source Files</Filter>
    </ClCompile>
    <ClCompile Include="src\viewmodels\AcceptJobViewModel.cpp">
      <Filter>Source Files</Filter>
    </ClCompile>
    <ClCompile Include="src\views\WindowView.cpp">
      <Filter>Source Files</Filter>
    </ClCompile>
    <ClCompile Include="src\vendor\imgui\imgui.cpp">
      <Filter>Source Files</Filter>
    </ClCompile>
    <ClCompile Include="src\vendor\imgui\imgui_demo.cpp">
      <Filter>Source Files</Filter>
    </ClCompile>
    <ClCompile Include="src\vendor\imgui\imgui_draw.cpp">
      <Filter>Source Files</Filter>
    </ClCompile>
    <ClCompile Include="src\vendor\imgui\imgui_impl_glfw_gl3.cpp">
      <Filter>Source Files</Filter>
    </ClCompile>
    <ClCompile Include="src\viewmodels\InventoryViewModel.cpp">
      <Filter>Source Files</Filter>
    </ClCompile>
    <ClCompile Include="src\views\window-cmd\WBuyToolCommand.cpp">
      <Filter>Source Files</Filter>
    </ClCompile>
    <ClCompile Include="src\views\window-cmd\WAcceptJobCommand.cpp">
      <Filter>Source Files</Filter>
    </ClCompile>
  </ItemGroup>
  <ItemGroup>
    <ClInclude Include="src\models\Vehicle.h">
      <Filter>Header Files</Filter>
    </ClInclude>
    <ClInclude Include="src\models\Tool.h">
      <Filter>Header Files</Filter>
    </ClInclude>
    <ClInclude Include="src\models\Player.h">
      <Filter>Header Files</Filter>
    </ClInclude>
    <ClInclude Include="src\models\ToolManager.h">
      <Filter>Header Files</Filter>
    </ClInclude>
    <ClInclude Include="src\models\Malfunction.h">
      <Filter>Header Files</Filter>
    </ClInclude>
    <ClInclude Include="src\views\cmd\CommandManager.h">
      <Filter>Header Files</Filter>
    </ClInclude>
    <ClInclude Include="src\views\cmd\Command.h">
      <Filter>Header Files</Filter>
    </ClInclude>
    <ClInclude Include="src\views\cmd\TestCommand.h">
      <Filter>Header Files</Filter>
    </ClInclude>
    <ClInclude Include="src\views\cmd\HelpCommand.h">
      <Filter>Header Files</Filter>
    </ClInclude>
    <ClInclude Include="src\views\cmd\InventoryCommand.h">
      <Filter>Header Files</Filter>
    </ClInclude>
    <ClInclude Include="src\views\cmd\ShopCommand.h">
      <Filter>Header Files</Filter>
    </ClInclude>
    <ClInclude Include="src\views\cmd\BuyToolCommand.h">
      <Filter>Header Files</Filter>
    </ClInclude>
    <ClInclude Include="src\views\ConsoleView.h">
      <Filter>Header Files</Filter>
    </ClInclude>
    <ClInclude Include="src\viewmodels\HelpViewModel.h">
      <Filter>Header Files</Filter>
    </ClInclude>
    <ClInclude Include="src\models\HelpModel.h">
      <Filter>Header Files</Filter>
    </ClInclude>
    <ClInclude Include="src\Storage.h">
      <Filter>Header Files</Filter>
    </ClInclude>
    <ClInclude Include="src\viewmodels\PlayerViewModel.h">
      <Filter>Header Files</Filter>
    </ClInclude>
    <ClInclude Include="src\viewmodels\ShopViewModel.h">
      <Filter>Header Files</Filter>
    </ClInclude>
    <ClInclude Include="src\views\cmd\DisplayJobsCommand.h">
      <Filter>Header Files</Filter>
    </ClInclude>
    <ClInclude Include="src\viewmodels\DisplayJobsViewModel.h">
      <Filter>Header Files</Filter>
    </ClInclude>
    <ClInclude Include="src\models\JobManager.h">
      <Filter>Header Files</Filter>
    </ClInclude>
    <ClInclude Include="src\models\Job.h">
      <Filter>Header Files</Filter>
    </ClInclude>
    <ClInclude Include="src\views\cmd\AcceptJobCommand.h">
      <Filter>Header Files</Filter>
    </ClInclude>
    <ClInclude Include="src\viewmodels\AcceptJobViewModel.h">
      <Filter>Header Files</Filter>
    </ClInclude>
    <ClInclude Include="src\views\ViewBase.h">
      <Filter>Header Files</Filter>
    </ClInclude>
    <ClInclude Include="src\views\WindowView.h">
      <Filter>Header Files</Filter>
    </ClInclude>
    <ClInclude Include="src\vendor\imgui\imconfig.h">
      <Filter>Header Files</Filter>
    </ClInclude>
    <ClInclude Include="src\vendor\imgui\imgui.h">
      <Filter>Header Files</Filter>
    </ClInclude>
    <ClInclude Include="src\vendor\imgui\imgui_impl_glfw_gl3.h">
      <Filter>Header Files</Filter>
    </ClInclude>
    <ClInclude Include="src\vendor\imgui\imgui_internal.h">
      <Filter>Header Files</Filter>
    </ClInclude>
    <ClInclude Include="src\vendor\imgui\stb_rect_pack.h">
      <Filter>Header Files</Filter>
    </ClInclude>
    <ClInclude Include="src\vendor\imgui\stb_textedit.h">
      <Filter>Header Files</Filter>
    </ClInclude>
    <ClInclude Include="src\vendor\imgui\stb_truetype.h">
      <Filter>Header Files</Filter>
    </ClInclude>
    <ClInclude Include="src\viewmodels\InventoryViewModel.h">
      <Filter>Header Files</Filter>
    </ClInclude>
    <ClInclude Include="src\views\window-cmd\WBuyToolCommand.h">
      <Filter>Header Files</Filter>
    </ClInclude>
    <ClInclude Include="src\views\window-cmd\WAcceptJobCommand.h">
      <Filter>Header Files</Filter>
    </ClInclude>
  </ItemGroup>
</Project>